
Microsoft Visual Studio Solution File, Format Version 12.00
# Visual Studio Version 16
VisualStudioVersion = 16.0.30413.136
MinimumVisualStudioVersion = 10.0.40219.1
Project("{FAE04EC0-301F-11D3-BF4B-00C04F79EFBC}") = "ManagedSolutionBulkRemover", "ManagedSolutionBulkRemover\ManagedSolutionBulkRemover.csproj", "{349393E1-4E99-47CD-860E-84C1C7D69BC2}"
EndProject
Global
	GlobalSection(SolutionConfigurationPlatforms) = preSolution
		Debug|Any CPU = Debug|Any CPU
		Release|Any CPU = Release|Any CPU
	EndGlobalSection
	GlobalSection(ProjectConfigurationPlatforms) = postSolution
		{349393E1-4E99-47CD-860E-84C1C7D69BC2}.Debug|Any CPU.ActiveCfg = Debug|Any CPU
		{349393E1-4E99-47CD-860E-84C1C7D69BC2}.Debug|Any CPU.Build.0 = Debug|Any CPU
		{349393E1-4E99-47CD-860E-84C1C7D69BC2}.Release|Any CPU.ActiveCfg = Release|Any CPU
		{349393E1-4E99-47CD-860E-84C1C7D69BC2}.Release|Any CPU.Build.0 = Release|Any CPU
	EndGlobalSection
	GlobalSection(SolutionProperties) = preSolution
		HideSolutionNode = FALSE
	EndGlobalSection
	GlobalSection(ExtensibilityGlobals) = postSolution
		SolutionGuid = {BB19C338-848D-4033-A248-11BAF2F4305C}
	EndGlobalSection
EndGlobal
